
Microsoft Visual Studio Solution File, Format Version 12.00
# Visual Studio Version 16
VisualStudioVersion = 16.0.30011.22
MinimumVisualStudioVersion = 10.0.40219.1
Project("{9A19103F-16F7-4668-BE54-9A1E7A4F7556}") = "example1", "example1.csproj", "{BC13EC46-377C-4231-A444-4371C75ED2BE}"
EndProject
Global
	GlobalSection(SolutionConfigurationPlatforms) = preSolution
		Debug|Any CPU = Debug|Any CPU
		Release|Any CPU = Release|Any CPU
	EndGlobalSection
	GlobalSection(ProjectConfigurationPlatforms) = postSolution
		{BC13EC46-377C-4231-A444-4371C75ED2BE}.Debug|Any CPU.ActiveCfg = Debug|Any CPU
		{BC13EC46-377C-4231-A444-4371C75ED2BE}.Debug|Any CPU.Build.0 = Debug|Any CPU
		{BC13EC46-377C-4231-A444-4371C75ED2BE}.Release|Any CPU.ActiveCfg = Release|Any CPU
		{BC13EC46-377C-4231-A444-4371C75ED2BE}.Release|Any CPU.Build.0 = Release|Any CPU
	EndGlobalSection
	GlobalSection(SolutionProperties) = preSolution
		HideSolutionNode = FALSE
	EndGlobalSection
	GlobalSection(ExtensibilityGlobals) = postSolution
		SolutionGuid = {A9A0FEBC-C912-4C9E-B899-C7C59600211E}
	EndGlobalSection
EndGlobal
